
Microsoft Visual Studio Solution File, Format Version 12.00
# Visual Studio 15
VisualStudioVersion = 15.0.28010.2046
MinimumVisualStudioVersion = 10.0.40219.1
Project("{9A19103F-16F7-4668-BE54-9A1E7A4F7556}") = "Reversi", "..\Reversi\Reversi.csproj", "{A50CC28A-5201-41B1-A92D-6808B4ABAA77}"
EndProject
Global
	GlobalSection(SolutionConfigurationPlatforms) = preSolution
		Debug|Any CPU = Debug|Any CPU
		Release|Any CPU = Release|Any CPU
	EndGlobalSection
	GlobalSection(ProjectConfigurationPlatforms) = postSolution
		{A50CC28A-5201-41B1-A92D-6808B4ABAA77}.Debug|Any CPU.ActiveCfg = Debug|Any CPU
		{A50CC28A-5201-41B1-A92D-6808B4ABAA77}.Debug|Any CPU.Build.0 = Debug|Any CPU
		{A50CC28A-5201-41B1-A92D-6808B4ABAA77}.Release|Any CPU.ActiveCfg = Release|Any CPU
		{A50CC28A-5201-41B1-A92D-6808B4ABAA77}.Release|Any CPU.Build.0 = Release|Any CPU
	EndGlobalSection
	GlobalSection(SolutionProperties) = preSolution
		HideSolutionNode = FALSE
	EndGlobalSection
	GlobalSection(ExtensibilityGlobals) = postSolution
		SolutionGuid = {5CAAAA51-D28E-487E-B2B4-8DEE2CB3EA7C}
	EndGlobalSection
EndGlobal
